
Microsoft Visual Studio Solution File, Format Version 12.00
# Visual Studio 15
VisualStudioVersion = 15.0.27130.2010
MinimumVisualStudioVersion = 10.0.40219.1
Project("{FAE04EC0-301F-11D3-BF4B-00C04F79EFBC}") = "ConsoleApplication", "ConsoleApplication\ConsoleApplication.csproj", "{53F65BA0-69E5-4C49-BB5F-285DF7997EDC}"
EndProject
Project("{FAE04EC0-301F-11D3-BF4B-00C04F79EFBC}") = "Threads", "Threads\Threads.csproj", "{10836C46-D8DA-4B72-9E97-748A871AD937}"
EndProject
Global
	GlobalSection(SolutionConfigurationPlatforms) = preSolution
		Debug|Any CPU = Debug|Any CPU
		Release|Any CPU = Release|Any CPU
	EndGlobalSection
	GlobalSection(ProjectConfigurationPlatforms) = postSolution
		{53F65BA0-69E5-4C49-BB5F-285DF7997EDC}.Debug|Any CPU.ActiveCfg = Debug|Any CPU
		{53F65BA0-69E5-4C49-BB5F-285DF7997EDC}.Debug|Any CPU.Build.0 = Debug|Any CPU
		{53F65BA0-69E5-4C49-BB5F-285DF7997EDC}.Release|Any CPU.ActiveCfg = Release|Any CPU
		{53F65BA0-69E5-4C49-BB5F-285DF7997EDC}.Release|Any CPU.Build.0 = Release|Any CPU
		{10836C46-D8DA-4B72-9E97-748A871AD937}.Debug|Any CPU.ActiveCfg = Debug|Any CPU
		{10836C46-D8DA-4B72-9E97-748A871AD937}.Debug|Any CPU.Build.0 = Debug|Any CPU
		{10836C46-D8DA-4B72-9E97-748A871AD937}.Release|Any CPU.ActiveCfg = Release|Any CPU
		{10836C46-D8DA-4B72-9E97-748A871AD937}.Release|Any CPU.Build.0 = Release|Any CPU
	EndGlobalSection
	GlobalSection(SolutionProperties) = preSolution
		HideSolutionNode = FALSE
	EndGlobalSection
	GlobalSection(ExtensibilityGlobals) = postSolution
		SolutionGuid = {4FCE12C6-2F30-4454-8ECD-7061ADAC26FB}
	EndGlobalSection
EndGlobal
