
Microsoft Visual Studio Solution File, Format Version 12.00
# Visual Studio 14
VisualStudioVersion = 14.0.23107.0
MinimumVisualStudioVersion = 10.0.40219.1
Project("{FAE04EC0-301F-11D3-BF4B-00C04F79EFBC}") = "SpiderBot", "SpiderBot\SpiderBot.csproj", "{DE539A90-2441-4433-A719-27CA3406146B}"
EndProject
Project("{FAE04EC0-301F-11D3-BF4B-00C04F79EFBC}") = "ArtificialIntelligence", "NeuralNetwork\ArtificialIntelligence.csproj", "{1B68B3EC-CEF7-4A02-BBFA-A446F193355F}"
EndProject
Global
	GlobalSection(SolutionConfigurationPlatforms) = preSolution
		Debug|Any CPU = Debug|Any CPU
		Release|Any CPU = Release|Any CPU
	EndGlobalSection
	GlobalSection(ProjectConfigurationPlatforms) = postSolution
		{DE539A90-2441-4433-A719-27CA3406146B}.Debug|Any CPU.ActiveCfg = Debug|Any CPU
		{DE539A90-2441-4433-A719-27CA3406146B}.Debug|Any CPU.Build.0 = Debug|Any CPU
		{DE539A90-2441-4433-A719-27CA3406146B}.Release|Any CPU.ActiveCfg = Release|Any CPU
		{DE539A90-2441-4433-A719-27CA3406146B}.Release|Any CPU.Build.0 = Release|Any CPU
		{1B68B3EC-CEF7-4A02-BBFA-A446F193355F}.Debug|Any CPU.ActiveCfg = Debug|Any CPU
		{1B68B3EC-CEF7-4A02-BBFA-A446F193355F}.Debug|Any CPU.Build.0 = Debug|Any CPU
		{1B68B3EC-CEF7-4A02-BBFA-A446F193355F}.Release|Any CPU.ActiveCfg = Release|Any CPU
		{1B68B3EC-CEF7-4A02-BBFA-A446F193355F}.Release|Any CPU.Build.0 = Release|Any CPU
	EndGlobalSection
	GlobalSection(SolutionProperties) = preSolution
		HideSolutionNode = FALSE
	EndGlobalSection
EndGlobal
